// !$*UTF8*$!
{
	archiveVersion = 1;
	classes = {
	};
	objectVersion = 50;
	objects = {

/* Begin PBXBuildFile section */
		A206D08E251E133B000BA5C9 /* WebServiceJsonPlaceHolderUsersApp.swift in Sources */ = {isa = PBXBuildFile; fileRef = A206D08D251E133B000BA5C9 /* WebServiceJsonPlaceHolderUsersApp.swift */; };
		A206D090251E133B000BA5C9 /* ContentView.swift in Sources */ = {isa = PBXBuildFile; fileRef = A206D08F251E133B000BA5C9 /* ContentView.swift */; };
		A206D092251E133C000BA5C9 /* Assets.xcassets in Resources */ = {isa = PBXBuildFile; fileRef = A206D091251E133C000BA5C9 /* Assets.xcassets */; };
		A206D095251E133C000BA5C9 /* Preview Assets.xcassets in Resources */ = {isa = PBXBuildFile; fileRef = A206D094251E133C000BA5C9 /* Preview Assets.xcassets */; };
/* End PBXBuildFile section */

/* Begin PBXFileReference section */
		A206D08A251E133B000BA5C9 /* WebServiceJsonPlaceHolderUsers.app */ = {isa = PBXFileReference; explicitFileType = wrapper.application; includeInIndex = 0; path = WebServiceJsonPlaceHolderUsers.app; sourceTree = BUILT_PRODUCTS_DIR; };
		A206D08D251E133B000BA5C9 /* WebServiceJsonPlaceHolderUsersApp.swift */ = {isa = PBXFileReference; lastKnownFileType = sourcecode.swift; path = WebServiceJsonPlaceHolderUsersApp.swift; sourceTree = "<group>"; };
		A206D08F251E133B000BA5C9 /* ContentView.swift */ = {isa = PBXFileReference; lastKnownFileType = sourcecode.swift; path = ContentView.swift; sourceTree = "<group>"; };
		A206D091251E133C000BA5C9 /* Assets.xcassets */ = {isa = PBXFileReference; lastKnownFileType = folder.assetcatalog; path = Assets.xcassets; sourceTree = "<group>"; };
		A206D094251E133C000BA5C9 /* Preview Assets.xcassets */ = {isa = PBXFileReference; lastKnownFileType = folder.assetcatalog; path = "Preview Assets.xcassets"; sourceTree = "<group>"; };
		A206D096251E133C000BA5C9 /* Info.plist */ = {isa = PBXFileReference; lastKnownFileType = text.plist.xml; path = Info.plist; sourceTree = "<group>"; };
/* End PBXFileReference section */

/* Begin PBXFrameworksBuildPhase section */
		A206D087251E133B000BA5C9 /* Frameworks */ = {
			isa = PBXFrameworksBuildPhase;
			buildActionMask = 2147483647;
			files = (
			);
			runOnlyForDeploymentPostprocessing = 0;
		};
/* End PBXFrameworksBuildPhase section */

/* Begin PBXGroup section */
		A206D081251E133B000BA5C9 = {
			isa = PBXGroup;
			children = (
				A206D08C251E133B000BA5C9 /* WebServiceJsonPlaceHolderUsers */,
				A206D08B251E133B000BA5C9 /* Products */,
			);
			sourceTree = "<group>";
		};
		A206D08B251E133B000BA5C9 /* Products */ = {
			isa = PBXGroup;
			children = (
				A206D08A251E133B000BA5C9 /* WebServiceJsonPlaceHolderUsers.app */,
			);
			name = Products;
			sourceTree = "<group>";
		};
		A206D08C251E133B000BA5C9 /* WebServiceJsonPlaceHolderUsers */ = {
			isa = PBXGroup;
			children = (
				A206D08D251E133B000BA5C9 /* WebServiceJsonPlaceHolderUsersApp.swift */,
				A206D08F251E133B000BA5C9 /* ContentView.swift */,
				A206D091251E133C000BA5C9 /* Assets.xcassets */,
				A206D096251E133C000BA5C9 /* Info.plist */,
				A206D093251E133C000BA5C9 /* Preview Content */,
			);
			path = WebServiceJsonPlaceHolderUsers;
			sourceTree = "<group>";
		};
		A206D093251E133C000BA5C9 /* Preview Content */ = {
			isa = PBXGroup;
			children = (
				A206D094251E133C000BA5C9 /* Preview Assets.xcassets */,
			);
			path = "Preview Content";
			sourceTree = "<group>";
		};
/* End PBXGroup section */

/* Begin PBXNativeTarget section */
		A206D089251E133B000BA5C9 /* WebServiceJsonPlaceHolderUsers */ = {
			isa = PBXNativeTarget;
			buildConfigurationList = A206D099251E133C000BA5C9 /* Build configuration list for PBXNativeTarget "WebServiceJsonPlaceHolderUsers" */;
			buildPhases = (
				A206D086251E133B000BA5C9 /* Sources */,
				A206D087251E133B000BA5C9 /* Frameworks */,
				A206D088251E133B000BA5C9 /* Resources */,
			);
			buildRules = (
			);
			dependencies = (
			);
			name = WebServiceJsonPlaceHolderUsers;
			productName = WebServiceJsonPlaceHolderUsers;
			productReference = A206D08A251E133B000BA5C9 /* WebServiceJsonPlaceHolderUsers.app */;
			productType = "com.apple.product-type.application";
		};
/* End PBXNativeTarget section */

/* Begin PBXProject section */
		A206D082251E133B000BA5C9 /* Project object */ = {
			isa = PBXProject;
			attributes = {
				LastSwiftUpdateCheck = 1200;
				LastUpgradeCheck = 1200;
				TargetAttributes = {
					A206D089251E133B000BA5C9 = {
						CreatedOnToolsVersion = 12.0.1;
					};
				};
			};
			buildConfigurationList = A206D085251E133B000BA5C9 /* Build configuration list for PBXProject "WebServiceJsonPlaceHolderUsers" */;
			compatibilityVersion = "Xcode 9.3";
			developmentRegion = en;
			hasScannedForEncodings = 0;
			knownRegions = (
				en,
				Base,
			);
			mainGroup = A206D081251E133B000BA5C9;
			productRefGroup = A206D08B251E133B000BA5C9 /* Products */;
			projectDirPath = "";
			projectRoot = "";
			targets = (
				A206D089251E133B000BA5C9 /* WebServiceJsonPlaceHolderUsers */,
			);
		};
/* End PBXProject section */

/* Begin PBXResourcesBuildPhase section */
		A206D088251E133B000BA5C9 /* Resources */ = {
			isa = PBXResourcesBuildPhase;
			buildActionMask = 2147483647;
			files = (
				A206D095251E133C000BA5C9 /* Preview Assets.xcassets in Resources */,
				A206D092251E133C000BA5C9 /* Assets.xcassets in Resources */,
			);
			runOnlyForDeploymentPostprocessing = 0;
		};
/* End PBXResourcesBuildPhase section */

/* Begin PBXSourcesBuildPhase section */
		A206D086251E133B000BA5C9 /* Sources */ = {
			isa = PBXSourcesBuildPhase;
			buildActionMask = 2147483647;
			files = (
				A206D090251E133B000BA5C9 /* ContentView.swift in Sources */,
				A206D08E251E133B000BA5C9 /* WebServiceJsonPlaceHolderUsersApp.swift in Sources */,
			);
			runOnlyForDeploymentPostprocessing = 0;
		};
/* End PBXSourcesBuildPhase section */

/* Begin XCBuildConfiguration section */
		A206D097251E133C000BA5C9 /* Debug */ = {
			isa = XCBuildConfiguration;
			buildSettings = {
				ALWAYS_SEARCH_USER_PATHS = NO;
				CLANG_ANALYZER_NONNULL = YES;
				CLANG_ANALYZER_NUMBER_OBJECT_CONVERSION = YES_AGGRESSIVE;
				CLANG_CXX_LANGUAGE_STANDARD = "gnu++14";
				CLANG_CXX_LIBRARY = "libc++";
				CLANG_ENABLE_MODULES = YES;
				CLANG_ENABLE_OBJC_ARC = YES;
				CLANG_ENABLE_OBJC_WEAK = YES;
				CLANG_WARN_BLOCK_CAPTURE_AUTORELEASING = YES;
				CLANG_WARN_BOOL_CONVERSION = YES;
				CLANG_WARN_COMMA = YES;
				CLANG_WARN_CONSTANT_CONVERSION = YES;
				CLANG_WARN_DEPRECATED_OBJC_IMPLEMENTATIONS = YES;
				CLANG_WARN_DIRECT_OBJC_ISA_USAGE = YES_ERROR;
				CLANG_WARN_DOCUMENTATION_COMMENTS = YES;
				CLANG_WARN_EMPTY_BODY = YES;
				CLANG_WARN_ENUM_CONVERSION = YES;
				CLANG_WARN_INFINITE_RECURSION = YES;
				CLANG_WARN_INT_CONVERSION = YES;
				CLANG_WARN_NON_LITERAL_NULL_CONVERSION = YES;
				CLANG_WARN_OBJC_IMPLICIT_RETAIN_SELF = YES;
				CLANG_WARN_OBJC_LITERAL_CONVERSION = YES;
				CLANG_WARN_OBJC_ROOT_CLASS = YES_ERROR;
				CLANG_WARN_QUOTED_INCLUDE_IN_FRAMEWORK_HEADER = YES;
				CLANG_WARN_RANGE_LOOP_ANALYSIS = YES;
				CLANG_WARN_STRICT_PROTOTYPES = YES;
				CLANG_WARN_SUSPICIOUS_MOVE = YES;
				CLANG_WARN_UNGUARDED_AVAILABILITY = YES_AGGRESSIVE;
				CLANG_WARN_UNREACHABLE_CODE = YES;
				CLANG_WARN__DUPLICATE_METHOD_MATCH = YES;
				COPY_PHASE_STRIP = NO;
				DEBUG_INFORMATION_FORMAT = dwarf;
				ENABLE_STRICT_OBJC_MSGSEND = YES;
				ENABLE_TESTABILITY = YES;
				GCC_C_LANGUAGE_STANDARD = gnu11;
				GCC_DYNAMIC_NO_PIC = NO;
				GCC_NO_COMMON_BLOCKS = YES;
				GCC_OPTIMIZATION_LEVEL = 0;
				GCC_PREPROCESSOR_DEFINITIONS = (
					"DEBUG=1",
					"$(inherited)",
				);
				GCC_WARN_64_TO_32_BIT_CONVERSION = YES;
				GCC_WARN_ABOUT_RETURN_TYPE = YES_ERROR;
				GCC_WARN_UNDECLARED_SELECTOR = YES;
				GCC_WARN_UNINITIALIZED_AUTOS = YES_AGGRESSIVE;
				GCC_WARN_UNUSED_FUNCTION = YES;
				GCC_WARN_UNUSED_VARIABLE = YES;
				IPHONEOS_DEPLOYMENT_TARGET = 14.0;
				MTL_ENABLE_DEBUG_INFO = INCLUDE_SOURCE;
				MTL_FAST_MATH = YES;
				ONLY_ACTIVE_ARCH = YES;
				SDKROOT = iphoneos;
				SWIFT_ACTIVE_COMPILATION_CONDITIONS = DEBUG;
				SWIFT_OPTIMIZATION_LEVEL = "-Onone";
			};
			name = Debug;
		};
		A206D098251E133C000BA5C9 /* Release */ = {
			isa = XCBuildConfiguration;
			buildSettings = {
				ALWAYS_SEARCH_USER_PATHS = NO;
				CLANG_ANALYZER_NONNULL = YES;
				CLANG_ANALYZER_NUMBER_OBJECT_CONVERSION = YES_AGGRESSIVE;
				CLANG_CXX_LANGUAGE_STANDARD = "gnu++14";
				CLANG_CXX_LIBRARY = "libc++";
				CLANG_ENABLE_MODULES = YES;
				CLANG_ENABLE_OBJC_ARC = YES;
				CLANG_ENABLE_OBJC_WEAK = YES;
				CLANG_WARN_BLOCK_CAPTURE_AUTORELEASING = YES;
				CLANG_WARN_BOOL_CONVERSION = YES;
				CLANG_WARN_COMMA = YES;
				CLANG_WARN_CONSTANT_CONVERSION = YES;
				CLANG_WARN_DEPRECATED_OBJC_IMPLEMENTATIONS = YES;
				CLANG_WARN_DIRECT_OBJC_ISA_USAGE = YES_ERROR;
				CLANG_WARN_DOCUMENTATION_COMMENTS = YES;
				CLANG_WARN_EMPTY_BODY = YES;
				CLANG_WARN_ENUM_CONVERSION = YES;
				CLANG_WARN_INFINITE_RECURSION = YES;
				CLANG_WARN_INT_CONVERSION = YES;
				CLANG_WARN_NON_LITERAL_NULL_CONVERSION = YES;
				CLANG_WARN_OBJC_IMPLICIT_RETAIN_SELF = YES;
				CLANG_WARN_OBJC_LITERAL_CONVERSION = YES;
				CLANG_WARN_OBJC_ROOT_CLASS = YES_ERROR;
				CLANG_WARN_QUOTED_INCLUDE_IN_FRAMEWORK_HEADER = YES;
				CLANG_WARN_RANGE_LOOP_ANALYSIS = YES;
				CLANG_WARN_STRICT_PROTOTYPES = YES;
				CLANG_WARN_SUSPICIOUS_MOVE = YES;
				CLANG_WARN_UNGUARDED_AVAILABILITY = YES_AGGRESSIVE;
				CLANG_WARN_UNREACHABLE_CODE = YES;
				CLANG_WARN__DUPLICATE_METHOD_MATCH = YES;
				COPY_PHASE_STRIP = NO;
				DEBUG_INFORMATION_FORMAT = "dwarf-with-dsym";
				ENABLE_NS_ASSERTIONS = NO;
				ENABLE_STRICT_OBJC_MSGSEND = YES;
				GCC_C_LANGUAGE_STANDARD = gnu11;
				GCC_NO_COMMON_BLOCKS = YES;
				GCC_WARN_64_TO_32_BIT_CONVERSION = YES;
				GCC_WARN_ABOUT_RETURN_TYPE = YES_ERROR;
				GCC_WARN_UNDECLARED_SELECTOR = YES;
				GCC_WARN_UNINITIALIZED_AUTOS = YES_AGGRESSIVE;
				GCC_WARN_UNUSED_FUNCTION = YES;
				GCC_WARN_UNUSED_VARIABLE = YES;
				IPHONEOS_DEPLOYMENT_TARGET = 14.0;
				MTL_ENABLE_DEBUG_INFO = NO;
				MTL_FAST_MATH = YES;
				SDKROOT = iphoneos;
				SWIFT_COMPILATION_MODE = wholemodule;
				SWIFT_OPTIMIZATION_LEVEL = "-O";
				VALIDATE_PRODUCT = YES;
			};
			name = Release;
		};
		A206D09A251E133C000BA5C9 /* Debug */ = {
			isa = XCBuildConfiguration;
			buildSettings = {
				ASSETCATALOG_COMPILER_APPICON_NAME = AppIcon;
				ASSETCATALOG_COMPILER_GLOBAL_ACCENT_COLOR_NAME = AccentColor;
				CODE_SIGN_STYLE = Automatic;
				DEVELOPMENT_ASSET_PATHS = "\"WebServiceJsonPlaceHolderUsers/Preview Content\"";
				DEVELOPMENT_TEAM = 3DZAHM87N2;
				ENABLE_PREVIEWS = YES;
				INFOPLIST_FILE = WebServiceJsonPlaceHolderUsers/Info.plist;
				IPHONEOS_DEPLOYMENT_TARGET = 14.0;
				LD_RUNPATH_SEARCH_PATHS = (
					"$(inherited)",
					"@executable_path/Frameworks",
				);
				PRODUCT_BUNDLE_IDENTIFIER = net.roddata.WebServiceJsonPlaceHolderUsers;
				PRODUCT_NAME = "$(TARGET_NAME)";
				SWIFT_VERSION = 5.0;
				TARGETED_DEVICE_FAMILY = "1,2";
			};
			name = Debug;
		};
		A206D09B251E133C000BA5C9 /* Release */ = {
			isa = XCBuildConfiguration;
			buildSettings = {
				ASSETCATALOG_COMPILER_APPICON_NAME = AppIcon;
				ASSETCATALOG_COMPILER_GLOBAL_ACCENT_COLOR_NAME = AccentColor;
				CODE_SIGN_STYLE = Automatic;
				DEVELOPMENT_ASSET_PATHS = "\"WebServiceJsonPlaceHolderUsers/Preview Content\"";
				DEVELOPMENT_TEAM = 3DZAHM87N2;
				ENABLE_PREVIEWS = YES;
				INFOPLIST_FILE = WebServiceJsonPlaceHolderUsers/Info.plist;
				IPHONEOS_DEPLOYMENT_TARGET = 14.0;
				LD_RUNPATH_SEARCH_PATHS = (
					"$(inherited)",
					"@executable_path/Frameworks",
				);
				PRODUCT_BUNDLE_IDENTIFIER = net.roddata.WebServiceJsonPlaceHolderUsers;
				PRODUCT_NAME = "$(TARGET_NAME)";
				SWIFT_VERSION = 5.0;
				TARGETED_DEVICE_FAMILY = "1,2";
			};
			name = Release;
		};
/* End XCBuildConfiguration section */

/* Begin XCConfigurationList section */
		A206D085251E133B000BA5C9 /* Build configuration list for PBXProject "WebServiceJsonPlaceHolderUsers" */ = {
			isa = XCConfigurationList;
			buildConfigurations = (
				A206D097251E133C000BA5C9 /* Debug */,
				A206D098251E133C000BA5C9 /* Release */,
			);
			defaultConfigurationIsVisible = 0;
			defaultConfigurationName = Release;
		};
		A206D099251E133C000BA5C9 /* Build configuration list for PBXNativeTarget "WebServiceJsonPlaceHolderUsers" */ = {
			isa = XCConfigurationList;
			buildConfigurations = (
				A206D09A251E133C000BA5C9 /* Debug */,
				A206D09B251E133C000BA5C9 /* Release */,
			);
			defaultConfigurationIsVisible = 0;
			defaultConfigurationName = Release;
		};
/* End XCConfigurationList section */
	};
	rootObject = A206D082251E133B000BA5C9 /* Project object */;
}
